
Microsoft Visual Studio Solution File, Format Version 12.00
# Visual Studio Version 16
VisualStudioVersion = 16.0.29009.5
MinimumVisualStudioVersion = 10.0.40219.1
Project("{FAE04EC0-301F-11D3-BF4B-00C04F79EFBC}") = "Win_Calc", "Win_Calc\Win_Calc.csproj", "{92200901-757D-42BC-AA8F-3AD1535248C2}"
EndProject
Global
	GlobalSection(SolutionConfigurationPlatforms) = preSolution
		Debug|Any CPU = Debug|Any CPU
		Release|Any CPU = Release|Any CPU
	EndGlobalSection
	GlobalSection(ProjectConfigurationPlatforms) = postSolution
		{92200901-757D-42BC-AA8F-3AD1535248C2}.Debug|Any CPU.ActiveCfg = Debug|Any CPU
		{92200901-757D-42BC-AA8F-3AD1535248C2}.Debug|Any CPU.Build.0 = Debug|Any CPU
		{92200901-757D-42BC-AA8F-3AD1535248C2}.Release|Any CPU.ActiveCfg = Release|Any CPU
		{92200901-757D-42BC-AA8F-3AD1535248C2}.Release|Any CPU.Build.0 = Release|Any CPU
	EndGlobalSection
	GlobalSection(SolutionProperties) = preSolution
		HideSolutionNode = FALSE
	EndGlobalSection
	GlobalSection(ExtensibilityGlobals) = postSolution
		SolutionGuid = {429C1B82-57BB-4BE0-9556-2E91AFEED6AE}
	EndGlobalSection
EndGlobal
